
Microsoft Visual Studio Solution File, Format Version 12.00
# Visual Studio 14
VisualStudioVersion = 14.0.24720.0
MinimumVisualStudioVersion = 10.0.40219.1
Project("{FAE04EC0-301F-11D3-BF4B-00C04F79EFBC}") = "KNN", "KNN\KNN.csproj", "{AF320C60-C6EF-4293-B1D3-6FAAA5296876}"
EndProject
Global
	GlobalSection(SolutionConfigurationPlatforms) = preSolution
		Debug|Any CPU = Debug|Any CPU
		Release|Any CPU = Release|Any CPU
	EndGlobalSection
	GlobalSection(ProjectConfigurationPlatforms) = postSolution
		{AF320C60-C6EF-4293-B1D3-6FAAA5296876}.Debug|Any CPU.ActiveCfg = Debug|Any CPU
		{AF320C60-C6EF-4293-B1D3-6FAAA5296876}.Debug|Any CPU.Build.0 = Debug|Any CPU
		{AF320C60-C6EF-4293-B1D3-6FAAA5296876}.Release|Any CPU.ActiveCfg = Release|Any CPU
		{AF320C60-C6EF-4293-B1D3-6FAAA5296876}.Release|Any CPU.Build.0 = Release|Any CPU
	EndGlobalSection
	GlobalSection(SolutionProperties) = preSolution
		HideSolutionNode = FALSE
	EndGlobalSection
EndGlobal
